
Microsoft Visual Studio Solution File, Format Version 12.00
# Visual Studio 2012
Project("{FAE04EC0-301F-11D3-BF4B-00C04F79EFBC}") = "task2", "task2.csproj", "{E4C91C08-423F-42A4-9323-F087B20E1C11}"
EndProject
Project("{FAE04EC0-301F-11D3-BF4B-00C04F79EFBC}") = "UniqueList.Tests", "..\UniqueListTest\UniqueList.Tests.csproj", "{0FBD3A5D-7221-4B7F-98F4-88D40674C8AD}"
EndProject
Global
	GlobalSection(SolutionConfigurationPlatforms) = preSolution
		Debug|Any CPU = Debug|Any CPU
		Release|Any CPU = Release|Any CPU
	EndGlobalSection
	GlobalSection(ProjectConfigurationPlatforms) = postSolution
		{E4C91C08-423F-42A4-9323-F087B20E1C11}.Debug|Any CPU.ActiveCfg = Debug|Any CPU
		{E4C91C08-423F-42A4-9323-F087B20E1C11}.Debug|Any CPU.Build.0 = Debug|Any CPU
		{E4C91C08-423F-42A4-9323-F087B20E1C11}.Release|Any CPU.ActiveCfg = Release|Any CPU
		{E4C91C08-423F-42A4-9323-F087B20E1C11}.Release|Any CPU.Build.0 = Release|Any CPU
		{0FBD3A5D-7221-4B7F-98F4-88D40674C8AD}.Debug|Any CPU.ActiveCfg = Debug|Any CPU
		{0FBD3A5D-7221-4B7F-98F4-88D40674C8AD}.Debug|Any CPU.Build.0 = Debug|Any CPU
		{0FBD3A5D-7221-4B7F-98F4-88D40674C8AD}.Release|Any CPU.ActiveCfg = Release|Any CPU
		{0FBD3A5D-7221-4B7F-98F4-88D40674C8AD}.Release|Any CPU.Build.0 = Release|Any CPU
	EndGlobalSection
	GlobalSection(SolutionProperties) = preSolution
		HideSolutionNode = FALSE
	EndGlobalSection
EndGlobal
